# This file is autogenerated, do not edit; changes may be undone by the next 'dep ensure'.


[[projects]]
  branch = "master"
  digest = "1:1e461a804fd370a051999c0e046d344c430af4aadb8cf0c3fdc2093d11ea6344"
  name = "github.com/cznic/mathutil"
  packages = ["."]
  pruneopts = "UT"
  revision = "297441e035482346a960053c9ea29669b13e1025"

[[projects]]
  branch = "master"
  digest = "1:caf6db28595425c0e0f2301a00257d11712f65c1878e12cffc42f6b9a9cf3f23"
  name = "github.com/kardianos/osext"
  packages = ["."]
  pruneopts = "UT"
  revision = "ae77be60afb1dcacde03767a8c37337fad28ac14"

[[projects]]
  branch = "master"
  digest = "1:e18d76e3805afdea8ce0478df357713eb94d72a6a23da9ea18b95291999971c8"
  name = "github.com/remyoudompheng/bigfft"
  packages = ["."]
  pruneopts = "UT"
  revision = "52369c62f4463a21c8ff8531194c5526322b8521"

[[projects]]
  digest = "1:81e02c4edb639c80559c0650f9401d3e2dcc3256d1fa215382bb7c83c1db9126"
  name = "github.com/shopspring/decimal"
  packages = ["."]
  pruneopts = "UT"
  revision = "cd690d0c9e2447b1ef2a129a6b7b49077da89b8e"
  version = "1.1.0"

[[projects]]
  branch = "master"
  digest = "1:4a2a0e0dcd6b00f8bd6ed74a206ed64b1d6a99c081a8ec5a61dd4942e2efbd21"
  name = "gitlab.com/nyarla/go-crypt"
  packages = ["."]
  pruneopts = "UT"
  revision = "d9a5dc2b789bc330075d4b805d9b7c971f2865a1"

[solve-meta]
  analyzer-name = "dep"
  analyzer-version = 1
  input-imports = [
    "github.com/cznic/mathutil",
    "github.com/kardianos/osext",
    "github.com/shopspring/decimal",
    "gitlab.com/nyarla/go-crypt",
  ]
  solver-name = "gps-cdcl"
  solver-version = 1
